PODS:
  - Alamofire (4.5.1)
  - Moxie (0.2.1)
  - Nimble (7.0.2)
  - PromiseKit (4.3.2):
    - PromiseKit/Foundation (= 4.3.2)
    - PromiseKit/QuartzCore (= 4.3.2)
    - PromiseKit/UIKit (= 4.3.2)
  - PromiseKit/Alamofire (4.3.2):
    - Alamofire (~> 4.0)
    - PromiseKit/CorePromise
  - PromiseKit/CorePromise (4.3.2)
  - PromiseKit/Foundation (4.3.2):
    - PromiseKit/CorePromise
  - PromiseKit/QuartzCore (4.3.2):
    - PromiseKit/CorePromise
  - PromiseKit/UIKit (4.3.2):
    - PromiseKit/CorePromise
  - Quick (1.1.0)

DEPENDENCIES:
  - Alamofire (~> 4.4)
  - Moxie (~> 0.2.1)
  - Nimble (~> 7.0.1)
  - PromiseKit (~> 4.3.2)
  - PromiseKit/Alamofire (~> 4.3.2)
  - Quick (~> 1.1.0)

SPEC CHECKSUMS:
  Alamofire: 2d95912bf4c34f164fdfc335872e8c312acaea4a
  Moxie: 28aeb291a25dd3746d88b8d28767ea822b25f233
  Nimble: bfe1f814edabba69ff145cb1283e04ed636a67f2
  PromiseKit: 32430ae679605b17c15d6193679cae7bf60147f7
  Quick: dafc587e21eed9f4cab3249b9f9015b0b7a7f71d

PODFILE CHECKSUM: 21f9a2f414765c67532d5dda9249bbc7fc36dd89

COCOAPODS: 1.3.1
